<?xml version="1.0" encoding="utf-8"?>
<Project ToolsVersion="4.0" xmlns="http://schemas.microsoft.com/developer/msbuild/2003">
  <ItemGroup>
    <Filter Include="Source Files">
      <UniqueIdentifier>{4FC737F1-C7A5-4376-A066-2A32D752A2FF}</UniqueIdentifier>
      <Extensions>cpp;c;cc;cxx;c++;cppm;ixx;def;odl;idl;hpj;bat;asm;asmx</Extensions>
    </Filter>
    <Filter Include="Header Files">
      <UniqueIdentifier>{93995380-89BD-4b04-88EB-625FBE52EBFB}</UniqueIdentifier>
      <Extensions>h;hh;hpp;hxx;h++;hm;inl;inc;ipp;xsd</Extensions>
    </Filter>
    <Filter Include="Resource Files">
      <UniqueIdentifier>{67DA6AB6-F800-4c08-8B7A-83BB121AAD01}</UniqueIdentifier>
      <Extensions>rc;ico;cur;bmp;dlg;rc2;rct;bin;rgs;gif;jpg;jpeg;jpe;resx;tiff;tif;png;wav;mfcribbon-ms</Extensions>
    </Filter>
    <Filter Include="Source Files\Streams">
      <UniqueIdentifier>{34f893fc-d30f-4a09-a66a-4527b9c01563}</UniqueIdentifier>
    </Filter>
    <Filter Include="Header Files\Streams">
      <UniqueIdentifier>{d3172063-9d3c-42ce-a220-9db13bd5b5ab}</UniqueIdentifier>
    </Filter>
    <Filter Include="Source Files\Network">
      <UniqueIdentifier>{1c5b2e5b-d2dd-49a3-835d-c493bbfab7dc}</UniqueIdentifier>
    </Filter>
    <Filter Include="Header Files\Network">
      <UniqueIdentifier>{a08fd9d5-4122-4736-bf51-389a393084e2}</UniqueIdentifier>
    </Filter>
    <Filter Include="Source Files\Data">
      <UniqueIdentifier>{afeba39e-4551-4aaa-9160-8334b0f23f19}</UniqueIdentifier>
    </Filter>
    <Filter Include="Header Files\Data">
      <UniqueIdentifier>{451fb58b-8fc3-4a4a-887c-227bf6a4ddd6}</UniqueIdentifier>
    </Filter>
    <Filter Include="Header Files\Helper">
      <UniqueIdentifier>{12392d50-c533-4d2a-845b-e8283feb3f3c}</UniqueIdentifier>
    </Filter>
    <Filter Include="Source Files\Helper">
      <UniqueIdentifier>{42fa23e0-593b-410d-82a1-14f9801d6ce9}</UniqueIdentifier>
    </Filter>
  </ItemGroup>
  <ItemGroup>
    <ClCompile Include="main.cpp">
      <Filter>Source Files</Filter>
    </ClCompile>
    <ClCompile Include="MemoryStream.cpp">
      <Filter>Source Files\Streams</Filter>
    </ClCompile>
    <ClCompile Include="FileStream.cpp">
      <Filter>Source Files\Streams</Filter>
    </ClCompile>
    <ClCompile Include="Connection.cpp">
      <Filter>Source Files\Network</Filter>
    </ClCompile>
    <ClCompile Include="Message.cpp">
      <Filter>Source Files\Network</Filter>
    </ClCompile>
    <ClCompile Include="FilesystemHelper.cpp">
      <Filter>Source Files\Helper</Filter>
    </ClCompile>
    <ClCompile Include="Storage.cpp">
      <Filter>Source Files\Data</Filter>
    </ClCompile>
  </ItemGroup>
  <ItemGroup>
    <ClInclude Include="MemoryStream.hpp">
      <Filter>Header Files\Streams</Filter>
    </ClInclude>
    <ClInclude Include="StreamInterface.hpp">
      <Filter>Header Files\Streams</Filter>
    </ClInclude>
    <ClInclude Include="FileStream.hpp">
      <Filter>Header Files\Streams</Filter>
    </ClInclude>
    <ClInclude Include="Connection.hpp">
      <Filter>Header Files\Network</Filter>
    </ClInclude>
    <ClInclude Include="Header.hpp">
      <Filter>Header Files\Network</Filter>
    </ClInclude>
    <ClInclude Include="Message.hpp">
      <Filter>Header Files\Network</Filter>
    </ClInclude>
    <ClInclude Include="FilePosition.hpp">
      <Filter>Header Files\Data</Filter>
    </ClInclude>
    <ClInclude Include="DataEntry.hpp">
      <Filter>Header Files\Data</Filter>
    </ClInclude>
    <ClInclude Include="FilesystemHelper.hpp">
      <Filter>Header Files\Helper</Filter>
    </ClInclude>
    <ClInclude Include="Storage.hpp">
      <Filter>Header Files\Data</Filter>
    </ClInclude>
  </ItemGroup>
</Project>